// !$*UTF8*$!
{
	archiveVersion = 1;
	classes = {
	};
	objectVersion = 50;
	objects = {

/* Begin PBXAggregateTarget section */
		1AFE8B4B24D26A520099147D /* FatFramework */ = {
			isa = PBXAggregateTarget;
			buildConfigurationList = 1AFE8B4C24D26A520099147D /* Build configuration list for PBXAggregateTarget "FatFramework" */;
			buildPhases = (
				1AFE8B4F24D26A590099147D /* Build Fat framework */,
			);
			dependencies = (
			);
			name = FatFramework;
			productName = FatFramework;
		};
/* End PBXAggregateTarget section */

/* Begin PBXBuildFile section */
		1A99F1DE24CFDFB300F7B50D /* SuperAppKit.h in Headers */ = {isa = PBXBuildFile; fileRef = 1A99F1DC24CFDFB300F7B50D /* SuperAppKit.h */; settings = {ATTRIBUTES = (Public, ); }; };
		1AFE8B6C24D33D050099147D /* AppController.swift in Sources */ = {isa = PBXBuildFile; fileRef = 1AFE8B6B24D33D050099147D /* AppController.swift */; };
		1AFE8B6E24D343890099147D /* AppControllerDelegate.swift in Sources */ = {isa = PBXBuildFile; fileRef = 1AFE8B6D24D343890099147D /* AppControllerDelegate.swift */; };
		1AFE8B7024D343F60099147D /* UIViewController+.swift in Sources */ = {isa = PBXBuildFile; fileRef = 1AFE8B6F24D343F60099147D /* UIViewController+.swift */; };
		CAFFCD057782DF5455A71E4B /* Pods_SuperAppKit.framework in Frameworks */ = {isa = PBXBuildFile; fileRef = 6584448FE5BD27EED378F357 /* Pods_SuperAppKit.framework */; };
/* End PBXBuildFile section */

/* Begin PBXFileReference section */
		153E0F4EEF82B7BB5DAA6F42 /* Pods-SuperAppKit.release.xcconfig */ = {isa = PBXFileReference; includeInIndex = 1; lastKnownFileType = text.xcconfig; name = "Pods-SuperAppKit.release.xcconfig"; path = "Target Support Files/Pods-SuperAppKit/Pods-SuperAppKit.release.xcconfig"; sourceTree = "<group>"; };
		16B4106D2D5F5C5FFB368C31 /* Pods-SuperAppKit.debug.xcconfig */ = {isa = PBXFileReference; includeInIndex = 1; lastKnownFileType = text.xcconfig; name = "Pods-SuperAppKit.debug.xcconfig"; path = "Target Support Files/Pods-SuperAppKit/Pods-SuperAppKit.debug.xcconfig"; sourceTree = "<group>"; };
		1A99F1D924CFDFB300F7B50D /* SuperAppKit.framework */ = {isa = PBXFileReference; explicitFileType = wrapper.framework; includeInIndex = 0; path = SuperAppKit.framework; sourceTree = BUILT_PRODUCTS_DIR; };
		1A99F1DC24CFDFB300F7B50D /* SuperAppKit.h */ = {isa = PBXFileReference; lastKnownFileType = sourcecode.c.h; path = SuperAppKit.h; sourceTree = "<group>"; };
		1A99F1DD24CFDFB300F7B50D /* Info.plist */ = {isa = PBXFileReference; lastKnownFileType = text.plist.xml; path = Info.plist; sourceTree = "<group>"; };
		1AFE8B6B24D33D050099147D /* AppController.swift */ = {isa = PBXFileReference; lastKnownFileType = sourcecode.swift; path = AppController.swift; sourceTree = "<group>"; };
		1AFE8B6D24D343890099147D /* AppControllerDelegate.swift */ = {isa = PBXFileReference; lastKnownFileType = sourcecode.swift; path = AppControllerDelegate.swift; sourceTree = "<group>"; };
		1AFE8B6F24D343F60099147D /* UIViewController+.swift */ = {isa = PBXFileReference; lastKnownFileType = sourcecode.swift; path = "UIViewController+.swift"; sourceTree = "<group>"; };
		6584448FE5BD27EED378F357 /* Pods_SuperAppKit.framework */ = {isa = PBXFileReference; explicitFileType = wrapper.framework; includeInIndex = 0; path = Pods_SuperAppKit.framework; sourceTree = BUILT_PRODUCTS_DIR; };
/* End PBXFileReference section */

/* Begin PBXFrameworksBuildPhase section */
		1A99F1D624CFDFB300F7B50D /* Frameworks */ = {
			isa = PBXFrameworksBuildPhase;
			buildActionMask = 2147483647;
			files = (
				CAFFCD057782DF5455A71E4B /* Pods_SuperAppKit.framework in Frameworks */,
			);
			runOnlyForDeploymentPostprocessing = 0;
		};
/* End PBXFrameworksBuildPhase section */

/* Begin PBXGroup section */
		1A99F1CF24CFDFB300F7B50D = {
			isa = PBXGroup;
			children = (
				1A99F1DB24CFDFB300F7B50D /* SuperAppKit */,
				1A99F1DA24CFDFB300F7B50D /* Products */,
				5ABBC01D28E49A1E654DB0E1 /* Pods */,
				A830A21B5018320D71115123 /* Frameworks */,
			);
			sourceTree = "<group>";
		};
		1A99F1DA24CFDFB300F7B50D /* Products */ = {
			isa = PBXGroup;
			children = (
				1A99F1D924CFDFB300F7B50D /* SuperAppKit.framework */,
			);
			name = Products;
			sourceTree = "<group>";
		};
		1A99F1DB24CFDFB300F7B50D /* SuperAppKit */ = {
			isa = PBXGroup;
			children = (
				1A99F1DC24CFDFB300F7B50D /* SuperAppKit.h */,
				1A99F1DD24CFDFB300F7B50D /* Info.plist */,
				1AFE8B6B24D33D050099147D /* AppController.swift */,
				1AFE8B6D24D343890099147D /* AppControllerDelegate.swift */,
				1AFE8B6F24D343F60099147D /* UIViewController+.swift */,
			);
			path = SuperAppKit;
			sourceTree = "<group>";
		};
		5ABBC01D28E49A1E654DB0E1 /* Pods */ = {
			isa = PBXGroup;
			children = (
				16B4106D2D5F5C5FFB368C31 /* Pods-SuperAppKit.debug.xcconfig */,
				153E0F4EEF82B7BB5DAA6F42 /* Pods-SuperAppKit.release.xcconfig */,
			);
			path = Pods;
			sourceTree = "<group>";
		};
		A830A21B5018320D71115123 /* Frameworks */ = {
			isa = PBXGroup;
			children = (
				6584448FE5BD27EED378F357 /* Pods_SuperAppKit.framework */,
			);
			name = Frameworks;
			sourceTree = "<group>";
		};
/* End PBXGroup section */

/* Begin PBXHeadersBuildPhase section */
		1A99F1D424CFDFB300F7B50D /* Headers */ = {
			isa = PBXHeadersBuildPhase;
			buildActionMask = 2147483647;
			files = (
				1A99F1DE24CFDFB300F7B50D /* SuperAppKit.h in Headers */,
			);
			runOnlyForDeploymentPostprocessing = 0;
		};
/* End PBXHeadersBuildPhase section */

/* Begin PBXNativeTarget section */
		1A99F1D824CFDFB300F7B50D /* SuperAppKit */ = {
			isa = PBXNativeTarget;
			buildConfigurationList = 1A99F1E124CFDFB300F7B50D /* Build configuration list for PBXNativeTarget "SuperAppKit" */;
			buildPhases = (
				E6AA1F766596FD43B2C5BA83 /* [CP] Check Pods Manifest.lock */,
				1A99F1D424CFDFB300F7B50D /* Headers */,
				1A99F1D524CFDFB300F7B50D /* Sources */,
				1A99F1D624CFDFB300F7B50D /* Frameworks */,
				1A99F1D724CFDFB300F7B50D /* Resources */,
			);
			buildRules = (
			);
			dependencies = (
			);
			name = SuperAppKit;
			productName = SuperAppKit;
			productReference = 1A99F1D924CFDFB300F7B50D /* SuperAppKit.framework */;
			productType = "com.apple.product-type.framework";
		};
/* End PBXNativeTarget section */

/* Begin PBXProject section */
		1A99F1D024CFDFB300F7B50D /* Project object */ = {
			isa = PBXProject;
			attributes = {
				LastUpgradeCheck = 1160;
				ORGANIZATIONNAME = "Tung Nguyen";
				TargetAttributes = {
					1A99F1D824CFDFB300F7B50D = {
						CreatedOnToolsVersion = 11.6;
						LastSwiftMigration = 1160;
					};
					1AFE8B4B24D26A520099147D = {
						CreatedOnToolsVersion = 11.6;
					};
				};
			};
			buildConfigurationList = 1A99F1D324CFDFB300F7B50D /* Build configuration list for PBXProject "SuperAppKit" */;
			compatibilityVersion = "Xcode 9.3";
			developmentRegion = en;
			hasScannedForEncodings = 0;
			knownRegions = (
				en,
				Base,
			);
			mainGroup = 1A99F1CF24CFDFB300F7B50D;
			productRefGroup = 1A99F1DA24CFDFB300F7B50D /* Products */;
			projectDirPath = "";
			projectRoot = "";
			targets = (
				1A99F1D824CFDFB300F7B50D /* SuperAppKit */,
				1AFE8B4B24D26A520099147D /* FatFramework */,
			);
		};
/* End PBXProject section */

/* Begin PBXResourcesBuildPhase section */
		1A99F1D724CFDFB300F7B50D /* Resources */ = {
			isa = PBXResourcesBuildPhase;
			buildActionMask = 2147483647;
			files = (
			);
			runOnlyForDeploymentPostprocessing = 0;
		};
/* End PBXResourcesBuildPhase section */

/* Begin PBXShellScriptBuildPhase section */
		1AFE8B4F24D26A590099147D /* Build Fat framework */ = {
			isa = PBXShellScriptBuildPhase;
			buildActionMask = 2147483647;
			files = (
			);
			inputFileListPaths = (
			);
			inputPaths = (
			);
			name = "Build Fat framework";
			outputFileListPaths = (
			);
			outputPaths = (
			);
			runOnlyForDeploymentPostprocessing = 0;
			shellPath = /bin/sh;
			shellScript = "UNIVERSAL_OUTPUTFOLDER=${BUILD_DIR}/${CONFIGURATION}-universal\nWORKSPACE=\"SuperAppKit.xcworkspace\"\nOUTPUT_FOLDER=\"${PROJECT_DIR}/Outputs/\"\n\nSDK_TARGET_NAME=\"SuperAppKit\"\n\nmkdir -p \"${UNIVERSAL_OUTPUTFOLDER}\"\nmkdir -p \"${OUTPUT_FOLDER}\"\n\n# Build Device and Simulator versions\nxcodebuild -workspace \"${WORKSPACE}\" -scheme \"${SDK_TARGET_NAME}\" -configuration ${CONFIGURATION} -sdk iphoneos BUILD_DIR=\"${BUILD_DIR}\" ONLY_ACTIVE_ARCH=NO BUILD_ROOT=\"${BUILD_ROOT}\" OBJROOT=\"${OBJROOT}/DependentBuilds\"\nxcodebuild -workspace \"${WORKSPACE}\" -scheme \"${SDK_TARGET_NAME}\" -configuration ${CONFIGURATION} -sdk iphonesimulator ARCHS=x86_64 ONLY_ACTIVE_ARCH=NO BUILD_DIR=\"${BUILD_DIR}\" BUILD_ROOT=\"${BUILD_ROOT}\" OBJROOT=\"${OBJROOT}/DependentBuilds\"\n\n# make fat framework\n\"${PROJECT_DIR}/build-phases/make-fat-framework.sh\" \"${UNIVERSAL_OUTPUTFOLDER}\" \"${SDK_TARGET_NAME}\" \"${OUTPUT_FOLDER}\"\n\n# Open the project's directory in Finder\nopen \"${OUTPUT_FOLDER}\"\n";
		};
		E6AA1F766596FD43B2C5BA83 /* [CP] Check Pods Manifest.lock */ = {
			isa = PBXShellScriptBuildPhase;
			buildActionMask = 2147483647;
			files = (
			);
			inputFileListPaths = (
			);
			inputPaths = (
				"${PODS_PODFILE_DIR_PATH}/Podfile.lock",
				"${PODS_ROOT}/Manifest.lock",
			);
			name = "[CP] Check Pods Manifest.lock";
			outputFileListPaths = (
			);
			outputPaths = (
				"$(DERIVED_FILE_DIR)/Pods-SuperAppKit-checkManifestLockResult.txt",
			);
			runOnlyForDeploymentPostprocessing = 0;
			shellPath = /bin/sh;
			shellScript = "diff \"${PODS_PODFILE_DIR_PATH}/Podfile.lock\" \"${PODS_ROOT}/Manifest.lock\" > /dev/null\nif [ $? != 0 ] ; then\n    # print error to STDERR\n    echo \"error: The sandbox is not in sync with the Podfile.lock. Run 'pod install' or update your CocoaPods installation.\" >&2\n    exit 1\nfi\n# This output is used by Xcode 'outputs' to avoid re-running this script phase.\necho \"SUCCESS\" > \"${SCRIPT_OUTPUT_FILE_0}\"\n";
			showEnvVarsInLog = 0;
		};
/* End PBXShellScriptBuildPhase section */

/* Begin PBXSourcesBuildPhase section */
		1A99F1D524CFDFB300F7B50D /* Sources */ = {
			isa = PBXSourcesBuildPhase;
			buildActionMask = 2147483647;
			files = (
				1AFE8B6E24D343890099147D /* AppControllerDelegate.swift in Sources */,
				1AFE8B6C24D33D050099147D /* AppController.swift in Sources */,
				1AFE8B7024D343F60099147D /* UIViewController+.swift in Sources */,
			);
			runOnlyForDeploymentPostprocessing = 0;
		};
/* End PBXSourcesBuildPhase section */

/* Begin XCBuildConfiguration section */
		1A99F1DF24CFDFB300F7B50D /* Debug */ = {
			isa = XCBuildConfiguration;
			buildSettings = {
				ALWAYS_SEARCH_USER_PATHS = NO;
				CLANG_ANALYZER_NONNULL = YES;
				CLANG_ANALYZER_NUMBER_OBJECT_CONVERSION = YES_AGGRESSIVE;
				CLANG_CXX_LANGUAGE_STANDARD = "gnu++14";
				CLANG_CXX_LIBRARY = "libc++";
				CLANG_ENABLE_MODULES = YES;
				CLANG_ENABLE_OBJC_ARC = YES;
				CLANG_ENABLE_OBJC_WEAK = YES;
				CLANG_WARN_BLOCK_CAPTURE_AUTORELEASING = YES;
				CLANG_WARN_BOOL_CONVERSION = YES;
				CLANG_WARN_COMMA = YES;
				CLANG_WARN_CONSTANT_CONVERSION = YES;
				CLANG_WARN_DEPRECATED_OBJC_IMPLEMENTATIONS = YES;
				CLANG_WARN_DIRECT_OBJC_ISA_USAGE = YES_ERROR;
				CLANG_WARN_DOCUMENTATION_COMMENTS = YES;
				CLANG_WARN_EMPTY_BODY = YES;
				CLANG_WARN_ENUM_CONVERSION = YES;
				CLANG_WARN_INFINITE_RECURSION = YES;
				CLANG_WARN_INT_CONVERSION = YES;
				CLANG_WARN_NON_LITERAL_NULL_CONVERSION = YES;
				CLANG_WARN_OBJC_IMPLICIT_RETAIN_SELF = YES;
				CLANG_WARN_OBJC_LITERAL_CONVERSION = YES;
				CLANG_WARN_OBJC_ROOT_CLASS = YES_ERROR;
				CLANG_WARN_RANGE_LOOP_ANALYSIS = YES;
				CLANG_WARN_STRICT_PROTOTYPES = YES;
				CLANG_WARN_SUSPICIOUS_MOVE = YES;
				CLANG_WARN_UNGUARDED_AVAILABILITY = YES_AGGRESSIVE;
				CLANG_WARN_UNREACHABLE_CODE = YES;
				CLANG_WARN__DUPLICATE_METHOD_MATCH = YES;
				COPY_PHASE_STRIP = NO;
				CURRENT_PROJECT_VERSION = 1;
				DEBUG_INFORMATION_FORMAT = dwarf;
				ENABLE_STRICT_OBJC_MSGSEND = YES;
				ENABLE_TESTABILITY = YES;
				GCC_C_LANGUAGE_STANDARD = gnu11;
				GCC_DYNAMIC_NO_PIC = NO;
				GCC_NO_COMMON_BLOCKS = YES;
				GCC_OPTIMIZATION_LEVEL = 0;
				GCC_PREPROCESSOR_DEFINITIONS = (
					"DEBUG=1",
					"$(inherited)",
				);
				GCC_WARN_64_TO_32_BIT_CONVERSION = YES;
				GCC_WARN_ABOUT_RETURN_TYPE = YES_ERROR;
				GCC_WARN_UNDECLARED_SELECTOR = YES;
				GCC_WARN_UNINITIALIZED_AUTOS = YES_AGGRESSIVE;
				GCC_WARN_UNUSED_FUNCTION = YES;
				GCC_WARN_UNUSED_VARIABLE = YES;
				IPHONEOS_DEPLOYMENT_TARGET = 10.0;
				MTL_ENABLE_DEBUG_INFO = INCLUDE_SOURCE;
				MTL_FAST_MATH = YES;
				ONLY_ACTIVE_ARCH = YES;
				SDKROOT = iphoneos;
				SWIFT_ACTIVE_COMPILATION_CONDITIONS = DEBUG;
				SWIFT_OPTIMIZATION_LEVEL = "-Onone";
				VERSIONING_SYSTEM = "apple-generic";
				VERSION_INFO_PREFIX = "";
			};
			name = Debug;
		};
		1A99F1E024CFDFB300F7B50D /* Release */ = {
			isa = XCBuildConfiguration;
			buildSettings = {
				ALWAYS_SEARCH_USER_PATHS = NO;
				CLANG_ANALYZER_NONNULL = YES;
				CLANG_ANALYZER_NUMBER_OBJECT_CONVERSION = YES_AGGRESSIVE;
				CLANG_CXX_LANGUAGE_STANDARD = "gnu++14";
				CLANG_CXX_LIBRARY = "libc++";
				CLANG_ENABLE_MODULES = YES;
				CLANG_ENABLE_OBJC_ARC = YES;
				CLANG_ENABLE_OBJC_WEAK = YES;
				CLANG_WARN_BLOCK_CAPTURE_AUTORELEASING = YES;
				CLANG_WARN_BOOL_CONVERSION = YES;
				CLANG_WARN_COMMA = YES;
				CLANG_WARN_CONSTANT_CONVERSION = YES;
				CLANG_WARN_DEPRECATED_OBJC_IMPLEMENTATIONS = YES;
				CLANG_WARN_DIRECT_OBJC_ISA_USAGE = YES_ERROR;
				CLANG_WARN_DOCUMENTATION_COMMENTS = YES;
				CLANG_WARN_EMPTY_BODY = YES;
				CLANG_WARN_ENUM_CONVERSION = YES;
				CLANG_WARN_INFINITE_RECURSION = YES;
				CLANG_WARN_INT_CONVERSION = YES;
				CLANG_WARN_NON_LITERAL_NULL_CONVERSION = YES;
				CLANG_WARN_OBJC_IMPLICIT_RETAIN_SELF = YES;
				CLANG_WARN_OBJC_LITERAL_CONVERSION = YES;
				CLANG_WARN_OBJC_ROOT_CLASS = YES_ERROR;
				CLANG_WARN_RANGE_LOOP_ANALYSIS = YES;
				CLANG_WARN_STRICT_PROTOTYPES = YES;
				CLANG_WARN_SUSPICIOUS_MOVE = YES;
				CLANG_WARN_UNGUARDED_AVAILABILITY = YES_AGGRESSIVE;
				CLANG_WARN_UNREACHABLE_CODE = YES;
				CLANG_WARN__DUPLICATE_METHOD_MATCH = YES;
				COPY_PHASE_STRIP = NO;
				CURRENT_PROJECT_VERSION = 1;
				DEBUG_INFORMATION_FORMAT = "dwarf-with-dsym";
				ENABLE_NS_ASSERTIONS = NO;
				ENABLE_STRICT_OBJC_MSGSEND = YES;
				GCC_C_LANGUAGE_STANDARD = gnu11;
				GCC_NO_COMMON_BLOCKS = YES;
				GCC_WARN_64_TO_32_BIT_CONVERSION = YES;
				GCC_WARN_ABOUT_RETURN_TYPE = YES_ERROR;
				GCC_WARN_UNDECLARED_SELECTOR = YES;
				GCC_WARN_UNINITIALIZED_AUTOS = YES_AGGRESSIVE;
				GCC_WARN_UNUSED_FUNCTION = YES;
				GCC_WARN_UNUSED_VARIABLE = YES;
				IPHONEOS_DEPLOYMENT_TARGET = 10.0;
				MTL_ENABLE_DEBUG_INFO = NO;
				MTL_FAST_MATH = YES;
				SDKROOT = iphoneos;
				SWIFT_COMPILATION_MODE = wholemodule;
				SWIFT_OPTIMIZATION_LEVEL = "-O";
				VALIDATE_PRODUCT = YES;
				VERSIONING_SYSTEM = "apple-generic";
				VERSION_INFO_PREFIX = "";
			};
			name = Release;
		};
		1A99F1E224CFDFB300F7B50D /* Debug */ = {
			isa = XCBuildConfiguration;
			baseConfigurationReference = 16B4106D2D5F5C5FFB368C31 /* Pods-SuperAppKit.debug.xcconfig */;
			buildSettings = {
				CLANG_ENABLE_MODULES = YES;
				CODE_SIGN_STYLE = Manual;
				DEFINES_MODULE = YES;
				DEVELOPMENT_TEAM = "";
				DYLIB_COMPATIBILITY_VERSION = 1;
				DYLIB_CURRENT_VERSION = 1;
				DYLIB_INSTALL_NAME_BASE = "@rpath";
				INFOPLIST_FILE = SuperAppKit/Info.plist;
				INSTALL_PATH = "$(LOCAL_LIBRARY_DIR)/Frameworks";
				IPHONEOS_DEPLOYMENT_TARGET = 10.0;
				LD_RUNPATH_SEARCH_PATHS = (
					"$(inherited)",
					"@executable_path/Frameworks",
					"@loader_path/Frameworks",
				);
				PRODUCT_BUNDLE_IDENTIFIER = vn.teko.SuperAppKit;
				PRODUCT_NAME = "$(TARGET_NAME:c99extidentifier)";
				PROVISIONING_PROFILE_SPECIFIER = "";
				SKIP_INSTALL = YES;
				SUPPORTS_MACCATALYST = NO;
				SWIFT_OPTIMIZATION_LEVEL = "-Onone";
				SWIFT_VERSION = 5.0;
				TARGETED_DEVICE_FAMILY = "1,2";
			};
			name = Debug;
		};
		1A99F1E324CFDFB300F7B50D /* Release */ = {
			isa = XCBuildConfiguration;
			baseConfigurationReference = 153E0F4EEF82B7BB5DAA6F42 /* Pods-SuperAppKit.release.xcconfig */;
			buildSettings = {
				CLANG_ENABLE_MODULES = YES;
				CODE_SIGN_STYLE = Manual;
				DEFINES_MODULE = YES;
				DEVELOPMENT_TEAM = "";
				DYLIB_COMPATIBILITY_VERSION = 1;
				DYLIB_CURRENT_VERSION = 1;
				DYLIB_INSTALL_NAME_BASE = "@rpath";
				INFOPLIST_FILE = SuperAppKit/Info.plist;
				INSTALL_PATH = "$(LOCAL_LIBRARY_DIR)/Frameworks";
				IPHONEOS_DEPLOYMENT_TARGET = 10.0;
				LD_RUNPATH_SEARCH_PATHS = (
					"$(inherited)",
					"@executable_path/Frameworks",
					"@loader_path/Frameworks",
				);
				PRODUCT_BUNDLE_IDENTIFIER = vn.teko.SuperAppKit;
				PRODUCT_NAME = "$(TARGET_NAME:c99extidentifier)";
				PROVISIONING_PROFILE_SPECIFIER = "";
				SKIP_INSTALL = YES;
				SUPPORTS_MACCATALYST = NO;
				SWIFT_VERSION = 5.0;
				TARGETED_DEVICE_FAMILY = "1,2";
			};
			name = Release;
		};
		1AFE8B4D24D26A520099147D /* Debug */ = {
			isa = XCBuildConfiguration;
			buildSettings = {
				BITCODE_GENERATION_MODE = marker;
				CODE_SIGN_STYLE = Automatic;
				DEVELOPMENT_TEAM = H2HK7VYTGX;
				PRODUCT_NAME = "$(TARGET_NAME)";
			};
			name = Debug;
		};
		1AFE8B4E24D26A520099147D /* Release */ = {
			isa = XCBuildConfiguration;
			buildSettings = {
				BITCODE_GENERATION_MODE = bitcode;
				CODE_SIGN_STYLE = Automatic;
				DEVELOPMENT_TEAM = H2HK7VYTGX;
				PRODUCT_NAME = "$(TARGET_NAME)";
			};
			name = Release;
		};
/* End XCBuildConfiguration section */

/* Begin XCConfigurationList section */
		1A99F1D324CFDFB300F7B50D /* Build configuration list for PBXProject "SuperAppKit" */ = {
			isa = XCConfigurationList;
			buildConfigurations = (
				1A99F1DF24CFDFB300F7B50D /* Debug */,
				1A99F1E024CFDFB300F7B50D /* Release */,
			);
			defaultConfigurationIsVisible = 0;
			defaultConfigurationName = Release;
		};
		1A99F1E124CFDFB300F7B50D /* Build configuration list for PBXNativeTarget "SuperAppKit" */ = {
			isa = XCConfigurationList;
			buildConfigurations = (
				1A99F1E224CFDFB300F7B50D /* Debug */,
				1A99F1E324CFDFB300F7B50D /* Release */,
			);
			defaultConfigurationIsVisible = 0;
			defaultConfigurationName = Release;
		};
		1AFE8B4C24D26A520099147D /* Build configuration list for PBXAggregateTarget "FatFramework" */ = {
			isa = XCConfigurationList;
			buildConfigurations = (
				1AFE8B4D24D26A520099147D /* Debug */,
				1AFE8B4E24D26A520099147D /* Release */,
			);
			defaultConfigurationIsVisible = 0;
			defaultConfigurationName = Release;
		};
/* End XCConfigurationList section */
	};
	rootObject = 1A99F1D024CFDFB300F7B50D /* Project object */;
}
